
Microsoft Visual Studio Solution File, Format Version 12.00
# Visual Studio Version 17
VisualStudioVersion = 17.9.34728.123
MinimumVisualStudioVersion = 10.0.40219.1
Project("{FAE04EC0-301F-11D3-BF4B-00C04F79EFBC}") = "MyShop.Android", "MyShop\MyShop.Android\MyShop.Android.csproj", "{B72B4B2C-48AD-42FA-AFE3-8339D5103093}"
EndProject
Project("{FAE04EC0-301F-11D3-BF4B-00C04F79EFBC}") = "MyShop.iOS", "MyShop\MyShop.iOS\MyShop.iOS.csproj", "{510B6253-B998-4E75-9BBD-C4A4A4EF9092}"
EndProject
Project("{FAE04EC0-301F-11D3-BF4B-00C04F79EFBC}") = "MyShop", "MyShop\MyShop\MyShop.csproj", "{BD1F005B-4753-422E-8CAA-7850325A0A40}"
EndProject
Global
	GlobalSection(SolutionConfigurationPlatforms) = preSolution
		Debug|Any CPU = Debug|Any CPU
		Debug|iPhone = Debug|iPhone
		Debug|iPhoneSimulator = Debug|iPhoneSimulator
		Release|Any CPU = Release|Any CPU
		Release|iPhone = Release|iPhone
		Release|iPhoneSimulator = Release|iPhoneSimulator
	EndGlobalSection
	GlobalSection(ProjectConfigurationPlatforms) = postSolution
		{B72B4B2C-48AD-42FA-AFE3-8339D5103093}.Debug|Any CPU.ActiveCfg = Debug|Any CPU
		{B72B4B2C-48AD-42FA-AFE3-8339D5103093}.Debug|Any CPU.Build.0 = Debug|Any CPU
		{B72B4B2C-48AD-42FA-AFE3-8339D5103093}.Debug|Any CPU.Deploy.0 = Debug|Any CPU
		{B72B4B2C-48AD-42FA-AFE3-8339D5103093}.Debug|iPhone.ActiveCfg = Debug|Any CPU
		{B72B4B2C-48AD-42FA-AFE3-8339D5103093}.Debug|iPhone.Build.0 = Debug|Any CPU
		{B72B4B2C-48AD-42FA-AFE3-8339D5103093}.Debug|iPhone.Deploy.0 = Debug|Any CPU
		{B72B4B2C-48AD-42FA-AFE3-8339D5103093}.Debug|iPhoneSimulator.ActiveCfg = Debug|Any CPU
		{B72B4B2C-48AD-42FA-AFE3-8339D5103093}.Debug|iPhoneSimulator.Build.0 = Debug|Any CPU
		{B72B4B2C-48AD-42FA-AFE3-8339D5103093}.Debug|iPhoneSimulator.Deploy.0 = Debug|Any CPU
		{B72B4B2C-48AD-42FA-AFE3-8339D5103093}.Release|Any CPU.ActiveCfg = Release|Any CPU
		{B72B4B2C-48AD-42FA-AFE3-8339D5103093}.Release|Any CPU.Build.0 = Release|Any CPU
		{B72B4B2C-48AD-42FA-AFE3-8339D5103093}.Release|Any CPU.Deploy.0 = Release|Any CPU
		{B72B4B2C-48AD-42FA-AFE3-8339D5103093}.Release|iPhone.ActiveCfg = Release|Any CPU
		{B72B4B2C-48AD-42FA-AFE3-8339D5103093}.Release|iPhone.Build.0 = Release|Any CPU
		{B72B4B2C-48AD-42FA-AFE3-8339D5103093}.Release|iPhone.Deploy.0 = Release|Any CPU
		{B72B4B2C-48AD-42FA-AFE3-8339D5103093}.Release|iPhoneSimulator.ActiveCfg = Release|Any CPU
		{B72B4B2C-48AD-42FA-AFE3-8339D5103093}.Release|iPhoneSimulator.Build.0 = Release|Any CPU
		{B72B4B2C-48AD-42FA-AFE3-8339D5103093}.Release|iPhoneSimulator.Deploy.0 = Release|Any CPU
		{510B6253-B998-4E75-9BBD-C4A4A4EF9092}.Debug|Any CPU.ActiveCfg = Debug|iPhone
		{510B6253-B998-4E75-9BBD-C4A4A4EF9092}.Debug|Any CPU.Build.0 = Debug|iPhone
		{510B6253-B998-4E75-9BBD-C4A4A4EF9092}.Debug|Any CPU.Deploy.0 = Debug|iPhone
		{510B6253-B998-4E75-9BBD-C4A4A4EF9092}.Debug|iPhone.ActiveCfg = Debug|iPhone
		{510B6253-B998-4E75-9BBD-C4A4A4EF9092}.Debug|iPhone.Build.0 = Debug|iPhone
		{510B6253-B998-4E75-9BBD-C4A4A4EF9092}.Debug|iPhone.Deploy.0 = Debug|iPhone
		{510B6253-B998-4E75-9BBD-C4A4A4EF9092}.Debug|iPhoneSimulator.ActiveCfg = Debug|iPhoneSimulator
		{510B6253-B998-4E75-9BBD-C4A4A4EF9092}.Debug|iPhoneSimulator.Build.0 = Debug|iPhoneSimulator
		{510B6253-B998-4E75-9BBD-C4A4A4EF9092}.Debug|iPhoneSimulator.Deploy.0 = Debug|iPhoneSimulator
		{510B6253-B998-4E75-9BBD-C4A4A4EF9092}.Release|Any CPU.ActiveCfg = Release|iPhoneSimulator
		{510B6253-B998-4E75-9BBD-C4A4A4EF9092}.Release|Any CPU.Build.0 = Release|iPhoneSimulator
		{510B6253-B998-4E75-9BBD-C4A4A4EF9092}.Release|Any CPU.Deploy.0 = Release|iPhoneSimulator
		{510B6253-B998-4E75-9BBD-C4A4A4EF9092}.Release|iPhone.ActiveCfg = Release|iPhone
		{510B6253-B998-4E75-9BBD-C4A4A4EF9092}.Release|iPhone.Build.0 = Release|iPhone
		{510B6253-B998-4E75-9BBD-C4A4A4EF9092}.Release|iPhone.Deploy.0 = Release|iPhone
		{510B6253-B998-4E75-9BBD-C4A4A4EF9092}.Release|iPhoneSimulator.ActiveCfg = Release|iPhoneSimulator
		{510B6253-B998-4E75-9BBD-C4A4A4EF9092}.Release|iPhoneSimulator.Build.0 = Release|iPhoneSimulator
		{510B6253-B998-4E75-9BBD-C4A4A4EF9092}.Release|iPhoneSimulator.Deploy.0 = Release|iPhoneSimulator
		{BD1F005B-4753-422E-8CAA-7850325A0A40}.Debug|Any CPU.ActiveCfg = Debug|Any CPU
		{BD1F005B-4753-422E-8CAA-7850325A0A40}.Debug|Any CPU.Build.0 = Debug|Any CPU
		{BD1F005B-4753-422E-8CAA-7850325A0A40}.Debug|Any CPU.Deploy.0 = Debug|Any CPU
		{BD1F005B-4753-422E-8CAA-7850325A0A40}.Debug|iPhone.ActiveCfg = Debug|Any CPU
		{BD1F005B-4753-422E-8CAA-7850325A0A40}.Debug|iPhone.Build.0 = Debug|Any CPU
		{BD1F005B-4753-422E-8CAA-7850325A0A40}.Debug|iPhone.Deploy.0 = Debug|Any CPU
		{BD1F005B-4753-422E-8CAA-7850325A0A40}.Debug|iPhoneSimulator.ActiveCfg = Debug|Any CPU
		{BD1F005B-4753-422E-8CAA-7850325A0A40}.Debug|iPhoneSimulator.Build.0 = Debug|Any CPU
		{BD1F005B-4753-422E-8CAA-7850325A0A40}.Debug|iPhoneSimulator.Deploy.0 = Debug|Any CPU
		{BD1F005B-4753-422E-8CAA-7850325A0A40}.Release|Any CPU.ActiveCfg = Release|Any CPU
		{BD1F005B-4753-422E-8CAA-7850325A0A40}.Release|Any CPU.Build.0 = Release|Any CPU
		{BD1F005B-4753-422E-8CAA-7850325A0A40}.Release|Any CPU.Deploy.0 = Release|Any CPU
		{BD1F005B-4753-422E-8CAA-7850325A0A40}.Release|iPhone.ActiveCfg = Release|Any CPU
		{BD1F005B-4753-422E-8CAA-7850325A0A40}.Release|iPhone.Build.0 = Release|Any CPU
		{BD1F005B-4753-422E-8CAA-7850325A0A40}.Release|iPhone.Deploy.0 = Release|Any CPU
		{BD1F005B-4753-422E-8CAA-7850325A0A40}.Release|iPhoneSimulator.ActiveCfg = Release|Any CPU
		{BD1F005B-4753-422E-8CAA-7850325A0A40}.Release|iPhoneSimulator.Build.0 = Release|Any CPU
		{BD1F005B-4753-422E-8CAA-7850325A0A40}.Release|iPhoneSimulator.Deploy.0 = Release|Any CPU
	EndGlobalSection
	GlobalSection(SolutionProperties) = preSolution
		HideSolutionNode = FALSE
	EndGlobalSection
	GlobalSection(ExtensibilityGlobals) = postSolution
		SolutionGuid = {B7FEAF14-6122-47A4-B227-433FB7B6BF30}
	EndGlobalSection
EndGlobal
